
Microsoft Visual Studio Solution File, Format Version 12.00
# Visual Studio 14
VisualStudioVersion = 14.0.23107.0
MinimumVisualStudioVersion = 10.0.40219.1
Project("{FAE04EC0-301F-11D3-BF4B-00C04F79EFBC}") = "ChensControl", "ChensControl\ChensControl.csproj", "{5490A291-E988-4423-8776-E098D4485940}"
EndProject
Project("{FAE04EC0-301F-11D3-BF4B-00C04F79EFBC}") = "PrintLibrary", "PrintLibrary\PrintLibrary.csproj", "{7225C42C-BACA-447A-9617-64B42F2D3FC7}"
EndProject
Project("{FAE04EC0-301F-11D3-BF4B-00C04F79EFBC}") = "Test", "Test\Test.csproj", "{04361F96-7AFC-4932-A88A-AA8404AC702F}"
EndProject
Project("{FAE04EC0-301F-11D3-BF4B-00C04F79EFBC}") = "ExcelLibrary", "ExcelLibrary\ExcelLibrary.csproj", "{E3696964-F80F-4767-90DD-4C940D041723}"
EndProject
Project("{FAE04EC0-301F-11D3-BF4B-00C04F79EFBC}") = "UpdatePC", "UpdatePC\UpdatePC.csproj", "{FCEDDFF2-5BB1-4C77-9113-5DE41B1EC1B9}"
EndProject
Project("{FAE04EC0-301F-11D3-BF4B-00C04F79EFBC}") = "BLL", "BLL\BLL.csproj", "{132FC50B-575B-4BC3-A939-649F87847EBD}"
EndProject
Project("{FAE04EC0-301F-11D3-BF4B-00C04F79EFBC}") = "ui", "WMS\ui.csproj", "{11369C55-91AE-43C7-AF79-726CC52A3022}"
EndProject
Project("{FAE04EC0-301F-11D3-BF4B-00C04F79EFBC}") = "WebService", "WebService\WebService.csproj", "{EB67A698-D966-440E-8057-2FF9B566D113}"
EndProject
Global
	GlobalSection(SolutionConfigurationPlatforms) = preSolution
		CD_ROM|Any CPU = CD_ROM|Any CPU
		CD_ROM|Mixed Platforms = CD_ROM|Mixed Platforms
		CD_ROM|x64 = CD_ROM|x64
		CD_ROM|x86 = CD_ROM|x86
		Debug|Any CPU = Debug|Any CPU
		Debug|Mixed Platforms = Debug|Mixed Platforms
		Debug|x64 = Debug|x64
		Debug|x86 = Debug|x86
		DVD-5|Any CPU = DVD-5|Any CPU
		DVD-5|Mixed Platforms = DVD-5|Mixed Platforms
		DVD-5|x64 = DVD-5|x64
		DVD-5|x86 = DVD-5|x86
		Release|Any CPU = Release|Any CPU
		Release|Mixed Platforms = Release|Mixed Platforms
		Release|x64 = Release|x64
		Release|x86 = Release|x86
		SingleImage|Any CPU = SingleImage|Any CPU
		SingleImage|Mixed Platforms = SingleImage|Mixed Platforms
		SingleImage|x64 = SingleImage|x64
		SingleImage|x86 = SingleImage|x86
	EndGlobalSection
	GlobalSection(ProjectConfigurationPlatforms) = postSolution
		{5490A291-E988-4423-8776-E098D4485940}.CD_ROM|Any CPU.ActiveCfg = Release|Any CPU
		{5490A291-E988-4423-8776-E098D4485940}.CD_ROM|Any CPU.Build.0 = Release|Any CPU
		{5490A291-E988-4423-8776-E098D4485940}.CD_ROM|Mixed Platforms.ActiveCfg = Release|Any CPU
		{5490A291-E988-4423-8776-E098D4485940}.CD_ROM|Mixed Platforms.Build.0 = Release|Any CPU
		{5490A291-E988-4423-8776-E098D4485940}.CD_ROM|x64.ActiveCfg = Release|Any CPU
		{5490A291-E988-4423-8776-E098D4485940}.CD_ROM|x86.ActiveCfg = Release|Any CPU
		{5490A291-E988-4423-8776-E098D4485940}.Debug|Any CPU.ActiveCfg = Debug|Any CPU
		{5490A291-E988-4423-8776-E098D4485940}.Debug|Any CPU.Build.0 = Debug|Any CPU
		{5490A291-E988-4423-8776-E098D4485940}.Debug|Mixed Platforms.ActiveCfg = Debug|Any CPU
		{5490A291-E988-4423-8776-E098D4485940}.Debug|Mixed Platforms.Build.0 = Debug|Any CPU
		{5490A291-E988-4423-8776-E098D4485940}.Debug|x64.ActiveCfg = Debug|Any CPU
		{5490A291-E988-4423-8776-E098D4485940}.Debug|x86.ActiveCfg = Debug|Any CPU
		{5490A291-E988-4423-8776-E098D4485940}.DVD-5|Any CPU.ActiveCfg = Debug|Any CPU
		{5490A291-E988-4423-8776-E098D4485940}.DVD-5|Any CPU.Build.0 = Debug|Any CPU
		{5490A291-E988-4423-8776-E098D4485940}.DVD-5|Mixed Platforms.ActiveCfg = Debug|Any CPU
		{5490A291-E988-4423-8776-E098D4485940}.DVD-5|Mixed Platforms.Build.0 = Debug|Any CPU
		{5490A291-E988-4423-8776-E098D4485940}.DVD-5|x64.ActiveCfg = Debug|Any CPU
		{5490A291-E988-4423-8776-E098D4485940}.DVD-5|x86.ActiveCfg = Debug|Any CPU
		{5490A291-E988-4423-8776-E098D4485940}.Release|Any CPU.ActiveCfg = Release|Any CPU
		{5490A291-E988-4423-8776-E098D4485940}.Release|Any CPU.Build.0 = Release|Any CPU
		{5490A291-E988-4423-8776-E098D4485940}.Release|Mixed Platforms.ActiveCfg = Release|Any CPU
		{5490A291-E988-4423-8776-E098D4485940}.Release|Mixed Platforms.Build.0 = Release|Any CPU
		{5490A291-E988-4423-8776-E098D4485940}.Release|x64.ActiveCfg = Release|Any CPU
		{5490A291-E988-4423-8776-E098D4485940}.Release|x86.ActiveCfg = Release|Any CPU
		{5490A291-E988-4423-8776-E098D4485940}.SingleImage|Any CPU.ActiveCfg = Release|Any CPU
		{5490A291-E988-4423-8776-E098D4485940}.SingleImage|Any CPU.Build.0 = Release|Any CPU
		{5490A291-E988-4423-8776-E098D4485940}.SingleImage|Mixed Platforms.ActiveCfg = Release|Any CPU
		{5490A291-E988-4423-8776-E098D4485940}.SingleImage|Mixed Platforms.Build.0 = Release|Any CPU
		{5490A291-E988-4423-8776-E098D4485940}.SingleImage|x64.ActiveCfg = Release|Any CPU
		{5490A291-E988-4423-8776-E098D4485940}.SingleImage|x86.ActiveCfg = Release|Any CPU
		{7225C42C-BACA-447A-9617-64B42F2D3FC7}.CD_ROM|Any CPU.ActiveCfg = Release|Any CPU
		{7225C42C-BACA-447A-9617-64B42F2D3FC7}.CD_ROM|Any CPU.Build.0 = Release|Any CPU
		{7225C42C-BACA-447A-9617-64B42F2D3FC7}.CD_ROM|Mixed Platforms.ActiveCfg = Release|Any CPU
		{7225C42C-BACA-447A-9617-64B42F2D3FC7}.CD_ROM|Mixed Platforms.Build.0 = Release|Any CPU
		{7225C42C-BACA-447A-9617-64B42F2D3FC7}.CD_ROM|x64.ActiveCfg = Release|Any CPU
		{7225C42C-BACA-447A-9617-64B42F2D3FC7}.CD_ROM|x86.ActiveCfg = Release|Any CPU
		{7225C42C-BACA-447A-9617-64B42F2D3FC7}.Debug|Any CPU.ActiveCfg = Debug|Any CPU
		{7225C42C-BACA-447A-9617-64B42F2D3FC7}.Debug|Any CPU.Build.0 = Debug|Any CPU
		{7225C42C-BACA-447A-9617-64B42F2D3FC7}.Debug|Mixed Platforms.ActiveCfg = Debug|Any CPU
		{7225C42C-BACA-447A-9617-64B42F2D3FC7}.Debug|Mixed Platforms.Build.0 = Debug|Any CPU
		{7225C42C-BACA-447A-9617-64B42F2D3FC7}.Debug|x64.ActiveCfg = Debug|Any CPU
		{7225C42C-BACA-447A-9617-64B42F2D3FC7}.Debug|x86.ActiveCfg = Debug|Any CPU
		{7225C42C-BACA-447A-9617-64B42F2D3FC7}.Debug|x86.Build.0 = Debug|Any CPU
		{7225C42C-BACA-447A-9617-64B42F2D3FC7}.DVD-5|Any CPU.ActiveCfg = Debug|Any CPU
		{7225C42C-BACA-447A-9617-64B42F2D3FC7}.DVD-5|Any CPU.Build.0 = Debug|Any CPU
		{7225C42C-BACA-447A-9617-64B42F2D3FC7}.DVD-5|Mixed Platforms.ActiveCfg = Debug|Any CPU
		{7225C42C-BACA-447A-9617-64B42F2D3FC7}.DVD-5|Mixed Platforms.Build.0 = Debug|Any CPU
		{7225C42C-BACA-447A-9617-64B42F2D3FC7}.DVD-5|x64.ActiveCfg = Debug|Any CPU
		{7225C42C-BACA-447A-9617-64B42F2D3FC7}.DVD-5|x86.ActiveCfg = Debug|Any CPU
		{7225C42C-BACA-447A-9617-64B42F2D3FC7}.Release|Any CPU.ActiveCfg = Release|Any CPU
		{7225C42C-BACA-447A-9617-64B42F2D3FC7}.Release|Any CPU.Build.0 = Release|Any CPU
		{7225C42C-BACA-447A-9617-64B42F2D3FC7}.Release|Mixed Platforms.ActiveCfg = Release|Any CPU
		{7225C42C-BACA-447A-9617-64B42F2D3FC7}.Release|Mixed Platforms.Build.0 = Release|Any CPU
		{7225C42C-BACA-447A-9617-64B42F2D3FC7}.Release|x64.ActiveCfg = Release|Any CPU
		{7225C42C-BACA-447A-9617-64B42F2D3FC7}.Release|x86.ActiveCfg = Release|Any CPU
		{7225C42C-BACA-447A-9617-64B42F2D3FC7}.SingleImage|Any CPU.ActiveCfg = Release|Any CPU
		{7225C42C-BACA-447A-9617-64B42F2D3FC7}.SingleImage|Any CPU.Build.0 = Release|Any CPU
		{7225C42C-BACA-447A-9617-64B42F2D3FC7}.SingleImage|Mixed Platforms.ActiveCfg = Release|Any CPU
		{7225C42C-BACA-447A-9617-64B42F2D3FC7}.SingleImage|Mixed Platforms.Build.0 = Release|Any CPU
		{7225C42C-BACA-447A-9617-64B42F2D3FC7}.SingleImage|x64.ActiveCfg = Release|Any CPU
		{7225C42C-BACA-447A-9617-64B42F2D3FC7}.SingleImage|x86.ActiveCfg = Release|Any CPU
		{04361F96-7AFC-4932-A88A-AA8404AC702F}.CD_ROM|Any CPU.ActiveCfg = Release|Any CPU
		{04361F96-7AFC-4932-A88A-AA8404AC702F}.CD_ROM|Any CPU.Build.0 = Release|Any CPU
		{04361F96-7AFC-4932-A88A-AA8404AC702F}.CD_ROM|Mixed Platforms.ActiveCfg = Release|Any CPU
		{04361F96-7AFC-4932-A88A-AA8404AC702F}.CD_ROM|Mixed Platforms.Build.0 = Release|Any CPU
		{04361F96-7AFC-4932-A88A-AA8404AC702F}.CD_ROM|x64.ActiveCfg = Release|x64
		{04361F96-7AFC-4932-A88A-AA8404AC702F}.CD_ROM|x64.Build.0 = Release|x64
		{04361F96-7AFC-4932-A88A-AA8404AC702F}.CD_ROM|x86.ActiveCfg = Release|Any CPU
		{04361F96-7AFC-4932-A88A-AA8404AC702F}.Debug|Any CPU.ActiveCfg = Debug|x64
		{04361F96-7AFC-4932-A88A-AA8404AC702F}.Debug|Any CPU.Build.0 = Debug|x64
		{04361F96-7AFC-4932-A88A-AA8404AC702F}.Debug|Mixed Platforms.ActiveCfg = Debug|Any CPU
		{04361F96-7AFC-4932-A88A-AA8404AC702F}.Debug|Mixed Platforms.Build.0 = Debug|Any CPU
		{04361F96-7AFC-4932-A88A-AA8404AC702F}.Debug|x64.ActiveCfg = Debug|x64
		{04361F96-7AFC-4932-A88A-AA8404AC702F}.Debug|x86.ActiveCfg = Debug|Any CPU
		{04361F96-7AFC-4932-A88A-AA8404AC702F}.DVD-5|Any CPU.ActiveCfg = Debug|Any CPU
		{04361F96-7AFC-4932-A88A-AA8404AC702F}.DVD-5|Any CPU.Build.0 = Debug|Any CPU
		{04361F96-7AFC-4932-A88A-AA8404AC702F}.DVD-5|Mixed Platforms.ActiveCfg = Debug|Any CPU
		{04361F96-7AFC-4932-A88A-AA8404AC702F}.DVD-5|Mixed Platforms.Build.0 = Debug|Any CPU
		{04361F96-7AFC-4932-A88A-AA8404AC702F}.DVD-5|x64.ActiveCfg = Debug|x64
		{04361F96-7AFC-4932-A88A-AA8404AC702F}.DVD-5|x64.Build.0 = Debug|x64
		{04361F96-7AFC-4932-A88A-AA8404AC702F}.DVD-5|x86.ActiveCfg = Debug|Any CPU
		{04361F96-7AFC-4932-A88A-AA8404AC702F}.Release|Any CPU.ActiveCfg = Release|Any CPU
		{04361F96-7AFC-4932-A88A-AA8404AC702F}.Release|Any CPU.Build.0 = Release|Any CPU
		{04361F96-7AFC-4932-A88A-AA8404AC702F}.Release|Mixed Platforms.ActiveCfg = Release|x64
		{04361F96-7AFC-4932-A88A-AA8404AC702F}.Release|Mixed Platforms.Build.0 = Release|x64
		{04361F96-7AFC-4932-A88A-AA8404AC702F}.Release|x64.ActiveCfg = Release|Any CPU
		{04361F96-7AFC-4932-A88A-AA8404AC702F}.Release|x86.ActiveCfg = Release|Any CPU
		{04361F96-7AFC-4932-A88A-AA8404AC702F}.SingleImage|Any CPU.ActiveCfg = Release|Any CPU
		{04361F96-7AFC-4932-A88A-AA8404AC702F}.SingleImage|Any CPU.Build.0 = Release|Any CPU
		{04361F96-7AFC-4932-A88A-AA8404AC702F}.SingleImage|Mixed Platforms.ActiveCfg = Release|Any CPU
		{04361F96-7AFC-4932-A88A-AA8404AC702F}.SingleImage|Mixed Platforms.Build.0 = Release|Any CPU
		{04361F96-7AFC-4932-A88A-AA8404AC702F}.SingleImage|x64.ActiveCfg = Release|x64
		{04361F96-7AFC-4932-A88A-AA8404AC702F}.SingleImage|x64.Build.0 = Release|x64
		{04361F96-7AFC-4932-A88A-AA8404AC702F}.SingleImage|x86.ActiveCfg = Release|Any CPU
		{E3696964-F80F-4767-90DD-4C940D041723}.CD_ROM|Any CPU.ActiveCfg = Release|Any CPU
		{E3696964-F80F-4767-90DD-4C940D041723}.CD_ROM|Any CPU.Build.0 = Release|Any CPU
		{E3696964-F80F-4767-90DD-4C940D041723}.CD_ROM|Mixed Platforms.ActiveCfg = Release|Any CPU
		{E3696964-F80F-4767-90DD-4C940D041723}.CD_ROM|Mixed Platforms.Build.0 = Release|Any CPU
		{E3696964-F80F-4767-90DD-4C940D041723}.CD_ROM|x64.ActiveCfg = Release|Any CPU
		{E3696964-F80F-4767-90DD-4C940D041723}.CD_ROM|x86.ActiveCfg = Release|Any CPU
		{E3696964-F80F-4767-90DD-4C940D041723}.Debug|Any CPU.ActiveCfg = Debug|Any CPU
		{E3696964-F80F-4767-90DD-4C940D041723}.Debug|Any CPU.Build.0 = Debug|Any CPU
		{E3696964-F80F-4767-90DD-4C940D041723}.Debug|Mixed Platforms.ActiveCfg = Debug|Any CPU
		{E3696964-F80F-4767-90DD-4C940D041723}.Debug|Mixed Platforms.Build.0 = Debug|Any CPU
		{E3696964-F80F-4767-90DD-4C940D041723}.Debug|x64.ActiveCfg = Debug|Any CPU
		{E3696964-F80F-4767-90DD-4C940D041723}.Debug|x86.ActiveCfg = Debug|Any CPU
		{E3696964-F80F-4767-90DD-4C940D041723}.DVD-5|Any CPU.ActiveCfg = Debug|Any CPU
		{E3696964-F80F-4767-90DD-4C940D041723}.DVD-5|Any CPU.Build.0 = Debug|Any CPU
		{E3696964-F80F-4767-90DD-4C940D041723}.DVD-5|Mixed Platforms.ActiveCfg = Debug|Any CPU
		{E3696964-F80F-4767-90DD-4C940D041723}.DVD-5|Mixed Platforms.Build.0 = Debug|Any CPU
		{E3696964-F80F-4767-90DD-4C940D041723}.DVD-5|x64.ActiveCfg = Debug|Any CPU
		{E3696964-F80F-4767-90DD-4C940D041723}.DVD-5|x86.ActiveCfg = Debug|Any CPU
		{E3696964-F80F-4767-90DD-4C940D041723}.Release|Any CPU.ActiveCfg = Release|Any CPU
		{E3696964-F80F-4767-90DD-4C940D041723}.Release|Any CPU.Build.0 = Release|Any CPU
		{E3696964-F80F-4767-90DD-4C940D041723}.Release|Mixed Platforms.ActiveCfg = Release|Any CPU
		{E3696964-F80F-4767-90DD-4C940D041723}.Release|Mixed Platforms.Build.0 = Release|Any CPU
		{E3696964-F80F-4767-90DD-4C940D041723}.Release|x64.ActiveCfg = Release|Any CPU
		{E3696964-F80F-4767-90DD-4C940D041723}.Release|x86.ActiveCfg = Release|Any CPU
		{E3696964-F80F-4767-90DD-4C940D041723}.SingleImage|Any CPU.ActiveCfg = Release|Any CPU
		{E3696964-F80F-4767-90DD-4C940D041723}.SingleImage|Any CPU.Build.0 = Release|Any CPU
		{E3696964-F80F-4767-90DD-4C940D041723}.SingleImage|Mixed Platforms.ActiveCfg = Release|Any CPU
		{E3696964-F80F-4767-90DD-4C940D041723}.SingleImage|Mixed Platforms.Build.0 = Release|Any CPU
		{E3696964-F80F-4767-90DD-4C940D041723}.SingleImage|x64.ActiveCfg = Release|Any CPU
		{E3696964-F80F-4767-90DD-4C940D041723}.SingleImage|x86.ActiveCfg = Release|Any CPU
		{FCEDDFF2-5BB1-4C77-9113-5DE41B1EC1B9}.CD_ROM|Any CPU.ActiveCfg = Release|Any CPU
		{FCEDDFF2-5BB1-4C77-9113-5DE41B1EC1B9}.CD_ROM|Any CPU.Build.0 = Release|Any CPU
		{FCEDDFF2-5BB1-4C77-9113-5DE41B1EC1B9}.CD_ROM|Mixed Platforms.ActiveCfg = Release|Any CPU
		{FCEDDFF2-5BB1-4C77-9113-5DE41B1EC1B9}.CD_ROM|Mixed Platforms.Build.0 = Release|Any CPU
		{FCEDDFF2-5BB1-4C77-9113-5DE41B1EC1B9}.CD_ROM|x64.ActiveCfg = Release|Any CPU
		{FCEDDFF2-5BB1-4C77-9113-5DE41B1EC1B9}.CD_ROM|x86.ActiveCfg = Release|Any CPU
		{FCEDDFF2-5BB1-4C77-9113-5DE41B1EC1B9}.Debug|Any CPU.ActiveCfg = Debug|Any CPU
		{FCEDDFF2-5BB1-4C77-9113-5DE41B1EC1B9}.Debug|Any CPU.Build.0 = Debug|Any CPU
		{FCEDDFF2-5BB1-4C77-9113-5DE41B1EC1B9}.Debug|Mixed Platforms.ActiveCfg = Debug|Any CPU
		{FCEDDFF2-5BB1-4C77-9113-5DE41B1EC1B9}.Debug|Mixed Platforms.Build.0 = Debug|Any CPU
		{FCEDDFF2-5BB1-4C77-9113-5DE41B1EC1B9}.Debug|x64.ActiveCfg = Debug|Any CPU
		{FCEDDFF2-5BB1-4C77-9113-5DE41B1EC1B9}.Debug|x86.ActiveCfg = Debug|Any CPU
		{FCEDDFF2-5BB1-4C77-9113-5DE41B1EC1B9}.DVD-5|Any CPU.ActiveCfg = Debug|Any CPU
		{FCEDDFF2-5BB1-4C77-9113-5DE41B1EC1B9}.DVD-5|Any CPU.Build.0 = Debug|Any CPU
		{FCEDDFF2-5BB1-4C77-9113-5DE41B1EC1B9}.DVD-5|Mixed Platforms.ActiveCfg = Debug|Any CPU
		{FCEDDFF2-5BB1-4C77-9113-5DE41B1EC1B9}.DVD-5|Mixed Platforms.Build.0 = Debug|Any CPU
		{FCEDDFF2-5BB1-4C77-9113-5DE41B1EC1B9}.DVD-5|x64.ActiveCfg = Debug|Any CPU
		{FCEDDFF2-5BB1-4C77-9113-5DE41B1EC1B9}.DVD-5|x86.ActiveCfg = Debug|Any CPU
		{FCEDDFF2-5BB1-4C77-9113-5DE41B1EC1B9}.Release|Any CPU.ActiveCfg = Release|Any CPU
		{FCEDDFF2-5BB1-4C77-9113-5DE41B1EC1B9}.Release|Any CPU.Build.0 = Release|Any CPU
		{FCEDDFF2-5BB1-4C77-9113-5DE41B1EC1B9}.Release|Mixed Platforms.ActiveCfg = Release|Any CPU
		{FCEDDFF2-5BB1-4C77-9113-5DE41B1EC1B9}.Release|Mixed Platforms.Build.0 = Release|Any CPU
		{FCEDDFF2-5BB1-4C77-9113-5DE41B1EC1B9}.Release|x64.ActiveCfg = Release|Any CPU
		{FCEDDFF2-5BB1-4C77-9113-5DE41B1EC1B9}.Release|x86.ActiveCfg = Release|Any CPU
		{FCEDDFF2-5BB1-4C77-9113-5DE41B1EC1B9}.SingleImage|Any CPU.ActiveCfg = Release|Any CPU
		{FCEDDFF2-5BB1-4C77-9113-5DE41B1EC1B9}.SingleImage|Any CPU.Build.0 = Release|Any CPU
		{FCEDDFF2-5BB1-4C77-9113-5DE41B1EC1B9}.SingleImage|Mixed Platforms.ActiveCfg = Release|Any CPU
		{FCEDDFF2-5BB1-4C77-9113-5DE41B1EC1B9}.SingleImage|Mixed Platforms.Build.0 = Release|Any CPU
		{FCEDDFF2-5BB1-4C77-9113-5DE41B1EC1B9}.SingleImage|x64.ActiveCfg = Release|Any CPU
		{FCEDDFF2-5BB1-4C77-9113-5DE41B1EC1B9}.SingleImage|x86.ActiveCfg = Release|Any CPU
		{132FC50B-575B-4BC3-A939-649F87847EBD}.CD_ROM|Any CPU.ActiveCfg = Release|Any CPU
		{132FC50B-575B-4BC3-A939-649F87847EBD}.CD_ROM|Any CPU.Build.0 = Release|Any CPU
		{132FC50B-575B-4BC3-A939-649F87847EBD}.CD_ROM|Mixed Platforms.ActiveCfg = Release|Any CPU
		{132FC50B-575B-4BC3-A939-649F87847EBD}.CD_ROM|Mixed Platforms.Build.0 = Release|Any CPU
		{132FC50B-575B-4BC3-A939-649F87847EBD}.CD_ROM|x64.ActiveCfg = Release|x64
		{132FC50B-575B-4BC3-A939-649F87847EBD}.CD_ROM|x64.Build.0 = Release|x64
		{132FC50B-575B-4BC3-A939-649F87847EBD}.CD_ROM|x86.ActiveCfg = Release|Any CPU
		{132FC50B-575B-4BC3-A939-649F87847EBD}.CD_ROM|x86.Build.0 = Release|Any CPU
		{132FC50B-575B-4BC3-A939-649F87847EBD}.Debug|Any CPU.ActiveCfg = Debug|Any CPU
		{132FC50B-575B-4BC3-A939-649F87847EBD}.Debug|Any CPU.Build.0 = Debug|Any CPU
		{132FC50B-575B-4BC3-A939-649F87847EBD}.Debug|Mixed Platforms.ActiveCfg = Debug|Any CPU
		{132FC50B-575B-4BC3-A939-649F87847EBD}.Debug|Mixed Platforms.Build.0 = Debug|Any CPU
		{132FC50B-575B-4BC3-A939-649F87847EBD}.Debug|x64.ActiveCfg = Debug|x64
		{132FC50B-575B-4BC3-A939-649F87847EBD}.Debug|x64.Build.0 = Debug|x64
		{132FC50B-575B-4BC3-A939-649F87847EBD}.Debug|x86.ActiveCfg = Debug|Any CPU
		{132FC50B-575B-4BC3-A939-649F87847EBD}.Debug|x86.Build.0 = Debug|Any CPU
		{132FC50B-575B-4BC3-A939-649F87847EBD}.DVD-5|Any CPU.ActiveCfg = Debug|Any CPU
		{132FC50B-575B-4BC3-A939-649F87847EBD}.DVD-5|Any CPU.Build.0 = Debug|Any CPU
		{132FC50B-575B-4BC3-A939-649F87847EBD}.DVD-5|Mixed Platforms.ActiveCfg = Debug|Any CPU
		{132FC50B-575B-4BC3-A939-649F87847EBD}.DVD-5|Mixed Platforms.Build.0 = Debug|Any CPU
		{132FC50B-575B-4BC3-A939-649F87847EBD}.DVD-5|x64.ActiveCfg = Debug|x64
		{132FC50B-575B-4BC3-A939-649F87847EBD}.DVD-5|x64.Build.0 = Debug|x64
		{132FC50B-575B-4BC3-A939-649F87847EBD}.DVD-5|x86.ActiveCfg = Debug|Any CPU
		{132FC50B-575B-4BC3-A939-649F87847EBD}.DVD-5|x86.Build.0 = Debug|Any CPU
		{132FC50B-575B-4BC3-A939-649F87847EBD}.Release|Any CPU.ActiveCfg = Release|Any CPU
		{132FC50B-575B-4BC3-A939-649F87847EBD}.Release|Any CPU.Build.0 = Release|Any CPU
		{132FC50B-575B-4BC3-A939-649F87847EBD}.Release|Mixed Platforms.ActiveCfg = Release|Any CPU
		{132FC50B-575B-4BC3-A939-649F87847EBD}.Release|Mixed Platforms.Build.0 = Release|Any CPU
		{132FC50B-575B-4BC3-A939-649F87847EBD}.Release|x64.ActiveCfg = Release|x64
		{132FC50B-575B-4BC3-A939-649F87847EBD}.Release|x64.Build.0 = Release|x64
		{132FC50B-575B-4BC3-A939-649F87847EBD}.Release|x86.ActiveCfg = Release|Any CPU
		{132FC50B-575B-4BC3-A939-649F87847EBD}.Release|x86.Build.0 = Release|Any CPU
		{132FC50B-575B-4BC3-A939-649F87847EBD}.SingleImage|Any CPU.ActiveCfg = Release|Any CPU
		{132FC50B-575B-4BC3-A939-649F87847EBD}.SingleImage|Any CPU.Build.0 = Release|Any CPU
		{132FC50B-575B-4BC3-A939-649F87847EBD}.SingleImage|Mixed Platforms.ActiveCfg = Release|Any CPU
		{132FC50B-575B-4BC3-A939-649F87847EBD}.SingleImage|Mixed Platforms.Build.0 = Release|Any CPU
		{132FC50B-575B-4BC3-A939-649F87847EBD}.SingleImage|x64.ActiveCfg = Release|x64
		{132FC50B-575B-4BC3-A939-649F87847EBD}.SingleImage|x64.Build.0 = Release|x64
		{132FC50B-575B-4BC3-A939-649F87847EBD}.SingleImage|x86.ActiveCfg = Release|Any CPU
		{132FC50B-575B-4BC3-A939-649F87847EBD}.SingleImage|x86.Build.0 = Release|Any CPU
		{11369C55-91AE-43C7-AF79-726CC52A3022}.CD_ROM|Any CPU.ActiveCfg = Release|Any CPU
		{11369C55-91AE-43C7-AF79-726CC52A3022}.CD_ROM|Any CPU.Build.0 = Release|Any CPU
		{11369C55-91AE-43C7-AF79-726CC52A3022}.CD_ROM|Mixed Platforms.ActiveCfg = Release|Any CPU
		{11369C55-91AE-43C7-AF79-726CC52A3022}.CD_ROM|Mixed Platforms.Build.0 = Release|Any CPU
		{11369C55-91AE-43C7-AF79-726CC52A3022}.CD_ROM|x64.ActiveCfg = Release|x64
		{11369C55-91AE-43C7-AF79-726CC52A3022}.CD_ROM|x64.Build.0 = Release|x64
		{11369C55-91AE-43C7-AF79-726CC52A3022}.CD_ROM|x86.ActiveCfg = Release|Any CPU
		{11369C55-91AE-43C7-AF79-726CC52A3022}.CD_ROM|x86.Build.0 = Release|Any CPU
		{11369C55-91AE-43C7-AF79-726CC52A3022}.Debug|Any CPU.ActiveCfg = Debug|Any CPU
		{11369C55-91AE-43C7-AF79-726CC52A3022}.Debug|Any CPU.Build.0 = Debug|Any CPU
		{11369C55-91AE-43C7-AF79-726CC52A3022}.Debug|Mixed Platforms.ActiveCfg = Debug|Any CPU
		{11369C55-91AE-43C7-AF79-726CC52A3022}.Debug|Mixed Platforms.Build.0 = Debug|Any CPU
		{11369C55-91AE-43C7-AF79-726CC52A3022}.Debug|x64.ActiveCfg = Debug|x64
		{11369C55-91AE-43C7-AF79-726CC52A3022}.Debug|x64.Build.0 = Debug|x64
		{11369C55-91AE-43C7-AF79-726CC52A3022}.Debug|x86.ActiveCfg = Debug|Any CPU
		{11369C55-91AE-43C7-AF79-726CC52A3022}.Debug|x86.Build.0 = Debug|Any CPU
		{11369C55-91AE-43C7-AF79-726CC52A3022}.DVD-5|Any CPU.ActiveCfg = Debug|Any CPU
		{11369C55-91AE-43C7-AF79-726CC52A3022}.DVD-5|Any CPU.Build.0 = Debug|Any CPU
		{11369C55-91AE-43C7-AF79-726CC52A3022}.DVD-5|Mixed Platforms.ActiveCfg = Debug|Any CPU
		{11369C55-91AE-43C7-AF79-726CC52A3022}.DVD-5|Mixed Platforms.Build.0 = Debug|Any CPU
		{11369C55-91AE-43C7-AF79-726CC52A3022}.DVD-5|x64.ActiveCfg = Debug|x64
		{11369C55-91AE-43C7-AF79-726CC52A3022}.DVD-5|x64.Build.0 = Debug|x64
		{11369C55-91AE-43C7-AF79-726CC52A3022}.DVD-5|x86.ActiveCfg = Debug|Any CPU
		{11369C55-91AE-43C7-AF79-726CC52A3022}.DVD-5|x86.Build.0 = Debug|Any CPU
		{11369C55-91AE-43C7-AF79-726CC52A3022}.Release|Any CPU.ActiveCfg = Release|Any CPU
		{11369C55-91AE-43C7-AF79-726CC52A3022}.Release|Any CPU.Build.0 = Release|Any CPU
		{11369C55-91AE-43C7-AF79-726CC52A3022}.Release|Mixed Platforms.ActiveCfg = Release|Any CPU
		{11369C55-91AE-43C7-AF79-726CC52A3022}.Release|Mixed Platforms.Build.0 = Release|Any CPU
		{11369C55-91AE-43C7-AF79-726CC52A3022}.Release|x64.ActiveCfg = Release|x64
		{11369C55-91AE-43C7-AF79-726CC52A3022}.Release|x64.Build.0 = Release|x64
		{11369C55-91AE-43C7-AF79-726CC52A3022}.Release|x86.ActiveCfg = Release|Any CPU
		{11369C55-91AE-43C7-AF79-726CC52A3022}.Release|x86.Build.0 = Release|Any CPU
		{11369C55-91AE-43C7-AF79-726CC52A3022}.SingleImage|Any CPU.ActiveCfg = Release|Any CPU
		{11369C55-91AE-43C7-AF79-726CC52A3022}.SingleImage|Any CPU.Build.0 = Release|Any CPU
		{11369C55-91AE-43C7-AF79-726CC52A3022}.SingleImage|Mixed Platforms.ActiveCfg = Release|Any CPU
		{11369C55-91AE-43C7-AF79-726CC52A3022}.SingleImage|Mixed Platforms.Build.0 = Release|Any CPU
		{11369C55-91AE-43C7-AF79-726CC52A3022}.SingleImage|x64.ActiveCfg = Release|x64
		{11369C55-91AE-43C7-AF79-726CC52A3022}.SingleImage|x64.Build.0 = Release|x64
		{11369C55-91AE-43C7-AF79-726CC52A3022}.SingleImage|x86.ActiveCfg = Release|Any CPU
		{11369C55-91AE-43C7-AF79-726CC52A3022}.SingleImage|x86.Build.0 = Release|Any CPU
		{EB67A698-D966-440E-8057-2FF9B566D113}.CD_ROM|Any CPU.ActiveCfg = Release|Any CPU
		{EB67A698-D966-440E-8057-2FF9B566D113}.CD_ROM|Any CPU.Build.0 = Release|Any CPU
		{EB67A698-D966-440E-8057-2FF9B566D113}.CD_ROM|Mixed Platforms.ActiveCfg = Release|Any CPU
		{EB67A698-D966-440E-8057-2FF9B566D113}.CD_ROM|Mixed Platforms.Build.0 = Release|Any CPU
		{EB67A698-D966-440E-8057-2FF9B566D113}.CD_ROM|x64.ActiveCfg = Release|x64
		{EB67A698-D966-440E-8057-2FF9B566D113}.CD_ROM|x64.Build.0 = Release|x64
		{EB67A698-D966-440E-8057-2FF9B566D113}.CD_ROM|x86.ActiveCfg = Release|Any CPU
		{EB67A698-D966-440E-8057-2FF9B566D113}.CD_ROM|x86.Build.0 = Release|Any CPU
		{EB67A698-D966-440E-8057-2FF9B566D113}.Debug|Any CPU.ActiveCfg = Debug|Any CPU
		{EB67A698-D966-440E-8057-2FF9B566D113}.Debug|Any CPU.Build.0 = Debug|Any CPU
		{EB67A698-D966-440E-8057-2FF9B566D113}.Debug|Mixed Platforms.ActiveCfg = Debug|Any CPU
		{EB67A698-D966-440E-8057-2FF9B566D113}.Debug|Mixed Platforms.Build.0 = Debug|Any CPU
		{EB67A698-D966-440E-8057-2FF9B566D113}.Debug|x64.ActiveCfg = Debug|x64
		{EB67A698-D966-440E-8057-2FF9B566D113}.Debug|x64.Build.0 = Debug|x64
		{EB67A698-D966-440E-8057-2FF9B566D113}.Debug|x86.ActiveCfg = Debug|Any CPU
		{EB67A698-D966-440E-8057-2FF9B566D113}.Debug|x86.Build.0 = Debug|Any CPU
		{EB67A698-D966-440E-8057-2FF9B566D113}.DVD-5|Any CPU.ActiveCfg = Debug|Any CPU
		{EB67A698-D966-440E-8057-2FF9B566D113}.DVD-5|Any CPU.Build.0 = Debug|Any CPU
		{EB67A698-D966-440E-8057-2FF9B566D113}.DVD-5|Mixed Platforms.ActiveCfg = Debug|Any CPU
		{EB67A698-D966-440E-8057-2FF9B566D113}.DVD-5|Mixed Platforms.Build.0 = Debug|Any CPU
		{EB67A698-D966-440E-8057-2FF9B566D113}.DVD-5|x64.ActiveCfg = Debug|x64
		{EB67A698-D966-440E-8057-2FF9B566D113}.DVD-5|x64.Build.0 = Debug|x64
		{EB67A698-D966-440E-8057-2FF9B566D113}.DVD-5|x86.ActiveCfg = Debug|Any CPU
		{EB67A698-D966-440E-8057-2FF9B566D113}.DVD-5|x86.Build.0 = Debug|Any CPU
		{EB67A698-D966-440E-8057-2FF9B566D113}.Release|Any CPU.ActiveCfg = Release|Any CPU
		{EB67A698-D966-440E-8057-2FF9B566D113}.Release|Any CPU.Build.0 = Release|Any CPU
		{EB67A698-D966-440E-8057-2FF9B566D113}.Release|Mixed Platforms.ActiveCfg = Release|Any CPU
		{EB67A698-D966-440E-8057-2FF9B566D113}.Release|Mixed Platforms.Build.0 = Release|Any CPU
		{EB67A698-D966-440E-8057-2FF9B566D113}.Release|x64.ActiveCfg = Release|x64
		{EB67A698-D966-440E-8057-2FF9B566D113}.Release|x64.Build.0 = Release|x64
		{EB67A698-D966-440E-8057-2FF9B566D113}.Release|x86.ActiveCfg = Release|Any CPU
		{EB67A698-D966-440E-8057-2FF9B566D113}.Release|x86.Build.0 = Release|Any CPU
		{EB67A698-D966-440E-8057-2FF9B566D113}.SingleImage|Any CPU.ActiveCfg = Release|Any CPU
		{EB67A698-D966-440E-8057-2FF9B566D113}.SingleImage|Any CPU.Build.0 = Release|Any CPU
		{EB67A698-D966-440E-8057-2FF9B566D113}.SingleImage|Mixed Platforms.ActiveCfg = Release|Any CPU
		{EB67A698-D966-440E-8057-2FF9B566D113}.SingleImage|Mixed Platforms.Build.0 = Release|Any CPU
		{EB67A698-D966-440E-8057-2FF9B566D113}.SingleImage|x64.ActiveCfg = Release|x64
		{EB67A698-D966-440E-8057-2FF9B566D113}.SingleImage|x64.Build.0 = Release|x64
		{EB67A698-D966-440E-8057-2FF9B566D113}.SingleImage|x86.ActiveCfg = Release|Any CPU
		{EB67A698-D966-440E-8057-2FF9B566D113}.SingleImage|x86.Build.0 = Release|Any CPU
	EndGlobalSection
	GlobalSection(SolutionProperties) = preSolution
		HideSolutionNode = FALSE
	EndGlobalSection
EndGlobal
